
Microsoft Visual Studio Solution File, Format Version 12.00
# Visual Studio Version 16
VisualStudioVersion = 16.0.29230.47
MinimumVisualStudioVersion = 10.0.40219.1
Project("{FAE04EC0-301F-11D3-BF4B-00C04F79EFBC}") = "AutoGarmin", "AutoGarmin.csproj", "{5E19C604-D957-4BAC-A58B-A73D76F35EC8}"
EndProject
Global
	GlobalSection(SolutionConfigurationPlatforms) = preSolution
		Debug|Any CPU = Debug|Any CPU
		Release|Any CPU = Release|Any CPU
	EndGlobalSection
	GlobalSection(ProjectConfigurationPlatforms) = postSolution
		{5E19C604-D957-4BAC-A58B-A73D76F35EC8}.Debug|Any CPU.ActiveCfg = Debug|Any CPU
		{5E19C604-D957-4BAC-A58B-A73D76F35EC8}.Debug|Any CPU.Build.0 = Debug|Any CPU
		{5E19C604-D957-4BAC-A58B-A73D76F35EC8}.Release|Any CPU.ActiveCfg = Release|Any CPU
		{5E19C604-D957-4BAC-A58B-A73D76F35EC8}.Release|Any CPU.Build.0 = Release|Any CPU
	EndGlobalSection
	GlobalSection(SolutionProperties) = preSolution
		HideSolutionNode = FALSE
	EndGlobalSection
	GlobalSection(ExtensibilityGlobals) = postSolution
		SolutionGuid = {52BA06A0-4398-49E1-913E-BE7E6783A267}
	EndGlobalSection
EndGlobal
